
Microsoft Visual Studio Solution File, Format Version 12.00
# Visual Studio Version 17
VisualStudioVersion = 17.10.34928.147
MinimumVisualStudioVersion = 10.0.40219.1
Project("{FAE04EC0-301F-11D3-BF4B-00C04F79EFBC}") = "3dcargame", "3dcargame\3dcargame.csproj", "{80651368-0F0C-4FDC-A056-84C564E2C2C1}"
EndProject
Global
	GlobalSection(SolutionConfigurationPlatforms) = preSolution
		Debug|Any CPU = Debug|Any CPU
		Release|Any CPU = Release|Any CPU
	EndGlobalSection
	GlobalSection(ProjectConfigurationPlatforms) = postSolution
		{80651368-0F0C-4FDC-A056-84C564E2C2C1}.Debug|Any CPU.ActiveCfg = Debug|Any CPU
		{80651368-0F0C-4FDC-A056-84C564E2C2C1}.Debug|Any CPU.Build.0 = Debug|Any CPU
		{80651368-0F0C-4FDC-A056-84C564E2C2C1}.Release|Any CPU.ActiveCfg = Release|Any CPU
		{80651368-0F0C-4FDC-A056-84C564E2C2C1}.Release|Any CPU.Build.0 = Release|Any CPU
	EndGlobalSection
	GlobalSection(SolutionProperties) = preSolution
		HideSolutionNode = FALSE
	EndGlobalSection
	GlobalSection(ExtensibilityGlobals) = postSolution
		SolutionGuid = {E3B23041-231E-4C70-8D5F-32933296E384}
	EndGlobalSection
EndGlobal
